
Microsoft Visual Studio Solution File, Format Version 12.00
# Visual Studio Version 16
VisualStudioVersion = 16.0.30907.101
MinimumVisualStudioVersion = 10.0.40219.1
Project("{FAE04EC0-301F-11D3-BF4B-00C04F79EFBC}") = "curso.api", "curso.api\curso.api.csproj", "{D65127A4-3A0E-4CAE-B5EB-0055937688DB}"
EndProject
Global
	GlobalSection(SolutionConfigurationPlatforms) = preSolution
		Debug|Any CPU = Debug|Any CPU
		Release|Any CPU = Release|Any CPU
	EndGlobalSection
	GlobalSection(ProjectConfigurationPlatforms) = postSolution
		{D65127A4-3A0E-4CAE-B5EB-0055937688DB}.Debug|Any CPU.ActiveCfg = Debug|Any CPU
		{D65127A4-3A0E-4CAE-B5EB-0055937688DB}.Debug|Any CPU.Build.0 = Debug|Any CPU
		{D65127A4-3A0E-4CAE-B5EB-0055937688DB}.Release|Any CPU.ActiveCfg = Release|Any CPU
		{D65127A4-3A0E-4CAE-B5EB-0055937688DB}.Release|Any CPU.Build.0 = Release|Any CPU
	EndGlobalSection
	GlobalSection(SolutionProperties) = preSolution
		HideSolutionNode = FALSE
	EndGlobalSection
	GlobalSection(ExtensibilityGlobals) = postSolution
		SolutionGuid = {56929231-8477-4BDE-8038-CA6F3C5E85EA}
	EndGlobalSection
EndGlobal
